
Microsoft Visual Studio Solution File, Format Version 12.00
# Visual Studio Version 16
VisualStudioVersion = 16.0.29411.108
MinimumVisualStudioVersion = 10.0.40219.1
Project("{FAE04EC0-301F-11D3-BF4B-00C04F79EFBC}") = "ILsp", "ilsp\ILsp.csproj", "{D32A207E-1C74-4B6F-91EB-69535DB22F38}"
EndProject
Project("{FAE04EC0-301F-11D3-BF4B-00C04F79EFBC}") = "ILsp.Compiler", "ILsp.Compiler\ILsp.Compiler.csproj", "{DD1E7949-43CD-419D-AB50-EDA89D1B4554}"
EndProject
Project("{FAE04EC0-301F-11D3-BF4B-00C04F79EFBC}") = "ILsp.Tests", "ILsp.Tests\ILsp.Tests.csproj", "{C72D98DE-F7BC-4D98-92C6-E5CDA1E7FDF5}"
EndProject
Project("{2150E333-8FDC-42A3-9474-1A3956D46DE8}") = "Documentation", "Documentation", "{B435BB2E-71C3-4132-B4B8-C66593C60543}"
	ProjectSection(SolutionItems) = preProject
		LexicalStructure.md = LexicalStructure.md
	EndProjectSection
EndProject
Global
	GlobalSection(SolutionConfigurationPlatforms) = preSolution
		Debug|Any CPU = Debug|Any CPU
		Release|Any CPU = Release|Any CPU
	EndGlobalSection
	GlobalSection(ProjectConfigurationPlatforms) = postSolution
		{D32A207E-1C74-4B6F-91EB-69535DB22F38}.Debug|Any CPU.ActiveCfg = Debug|Any CPU
		{D32A207E-1C74-4B6F-91EB-69535DB22F38}.Debug|Any CPU.Build.0 = Debug|Any CPU
		{D32A207E-1C74-4B6F-91EB-69535DB22F38}.Release|Any CPU.ActiveCfg = Release|Any CPU
		{D32A207E-1C74-4B6F-91EB-69535DB22F38}.Release|Any CPU.Build.0 = Release|Any CPU
		{DD1E7949-43CD-419D-AB50-EDA89D1B4554}.Debug|Any CPU.ActiveCfg = Debug|Any CPU
		{DD1E7949-43CD-419D-AB50-EDA89D1B4554}.Debug|Any CPU.Build.0 = Debug|Any CPU
		{DD1E7949-43CD-419D-AB50-EDA89D1B4554}.Release|Any CPU.ActiveCfg = Release|Any CPU
		{DD1E7949-43CD-419D-AB50-EDA89D1B4554}.Release|Any CPU.Build.0 = Release|Any CPU
		{C72D98DE-F7BC-4D98-92C6-E5CDA1E7FDF5}.Debug|Any CPU.ActiveCfg = Debug|Any CPU
		{C72D98DE-F7BC-4D98-92C6-E5CDA1E7FDF5}.Debug|Any CPU.Build.0 = Debug|Any CPU
		{C72D98DE-F7BC-4D98-92C6-E5CDA1E7FDF5}.Release|Any CPU.ActiveCfg = Release|Any CPU
		{C72D98DE-F7BC-4D98-92C6-E5CDA1E7FDF5}.Release|Any CPU.Build.0 = Release|Any CPU
	EndGlobalSection
	GlobalSection(SolutionProperties) = preSolution
		HideSolutionNode = FALSE
	EndGlobalSection
	GlobalSection(ExtensibilityGlobals) = postSolution
		SolutionGuid = {6268B4F8-6FC6-45FB-B194-E263B3D59AD9}
	EndGlobalSection
EndGlobal
